// !$*UTF8*$!
{
	archiveVersion = 1;
	classes = {
	};
	objectVersion = 56;
	objects = {

/* Begin PBXBuildFile section */
		860D91532E814661007B0445 /* AppDelegate.swift in Sources */ = {isa = PBXBuildFile; fileRef = 860D91522E814661007B0445 /* AppDelegate.swift */; };
		860D91552E814661007B0445 /* SceneDelegate.swift in Sources */ = {isa = PBXBuildFile; fileRef = 860D91542E814661007B0445 /* SceneDelegate.swift */; };
		860D91572E814661007B0445 /* RMTabBarController.swift in Sources */ = {isa = PBXBuildFile; fileRef = 860D91562E814661007B0445 /* RMTabBarController.swift */; };
		860D915C2E814662007B0445 /* Assets.xcassets in Resources */ = {isa = PBXBuildFile; fileRef = 860D915B2E814662007B0445 /* Assets.xcassets */; };
		860D915F2E814662007B0445 /* LaunchScreen.storyboard in Resources */ = {isa = PBXBuildFile; fileRef = 860D915D2E814662007B0445 /* LaunchScreen.storyboard */; };
		860D91702E817866007B0445 /* RMLocation.swift in Sources */ = {isa = PBXBuildFile; fileRef = 860D916F2E817866007B0445 /* RMLocation.swift */; };
		860D91722E817898007B0445 /* RMCharacter.swift in Sources */ = {isa = PBXBuildFile; fileRef = 860D91712E817898007B0445 /* RMCharacter.swift */; };
		860D91762E8178EE007B0445 /* RMEpisode.swift in Sources */ = {isa = PBXBuildFile; fileRef = 860D91752E8178EE007B0445 /* RMEpisode.swift */; };
		860D91792E8179FC007B0445 /* RMCharacterViewController.swift in Sources */ = {isa = PBXBuildFile; fileRef = 860D91782E8179FC007B0445 /* RMCharacterViewController.swift */; };
		860D917B2E817A28007B0445 /* RMLocationViewController.swift in Sources */ = {isa = PBXBuildFile; fileRef = 860D917A2E817A28007B0445 /* RMLocationViewController.swift */; };
		860D917D2E817A53007B0445 /* RMEpisodeViewController.swift in Sources */ = {isa = PBXBuildFile; fileRef = 860D917C2E817A53007B0445 /* RMEpisodeViewController.swift */; };
		860D917F2E817A70007B0445 /* RMSettingsViewController.swift in Sources */ = {isa = PBXBuildFile; fileRef = 860D917E2E817A70007B0445 /* RMSettingsViewController.swift */; };
		866D0BB02E86B2FB000B476E /* RMService.swift in Sources */ = {isa = PBXBuildFile; fileRef = 866D0BAF2E86B2FB000B476E /* RMService.swift */; };
		866D0BB22E86B32D000B476E /* RMRequest.swift in Sources */ = {isa = PBXBuildFile; fileRef = 866D0BB12E86B32D000B476E /* RMRequest.swift */; };
		866D0BB42E86B806000B476E /* RMEndpoint.swift in Sources */ = {isa = PBXBuildFile; fileRef = 866D0BB32E86B806000B476E /* RMEndpoint.swift */; };
/* End PBXBuildFile section */

/* Begin PBXFileReference section */
		860D914F2E814661007B0445 /* RickAndMorty.app */ = {isa = PBXFileReference; explicitFileType = wrapper.application; includeInIndex = 0; path = RickAndMorty.app; sourceTree = BUILT_PRODUCTS_DIR; };
		860D91522E814661007B0445 /* AppDelegate.swift */ = {isa = PBXFileReference; lastKnownFileType = sourcecode.swift; path = AppDelegate.swift; sourceTree = "<group>"; };
		860D91542E814661007B0445 /* SceneDelegate.swift */ = {isa = PBXFileReference; lastKnownFileType = sourcecode.swift; path = SceneDelegate.swift; sourceTree = "<group>"; };
		860D91562E814661007B0445 /* RMTabBarController.swift */ = {isa = PBXFileReference; lastKnownFileType = sourcecode.swift; path = RMTabBarController.swift; sourceTree = "<group>"; };
		860D915B2E814662007B0445 /* Assets.xcassets */ = {isa = PBXFileReference; lastKnownFileType = folder.assetcatalog; path = Assets.xcassets; sourceTree = "<group>"; };
		860D915E2E814662007B0445 /* Base */ = {isa = PBXFileReference; lastKnownFileType = file.storyboard; name = Base; path = Base.lproj/LaunchScreen.storyboard; sourceTree = "<group>"; };
		860D91602E814662007B0445 /* Info.plist */ = {isa = PBXFileReference; lastKnownFileType = text.plist.xml; path = Info.plist; sourceTree = "<group>"; };
		860D916F2E817866007B0445 /* RMLocation.swift */ = {isa = PBXFileReference; lastKnownFileType = sourcecode.swift; path = RMLocation.swift; sourceTree = "<group>"; };
		860D91712E817898007B0445 /* RMCharacter.swift */ = {isa = PBXFileReference; lastKnownFileType = sourcecode.swift; path = RMCharacter.swift; sourceTree = "<group>"; };
		860D91752E8178EE007B0445 /* RMEpisode.swift */ = {isa = PBXFileReference; lastKnownFileType = sourcecode.swift; path = RMEpisode.swift; sourceTree = "<group>"; };
		860D91782E8179FC007B0445 /* RMCharacterViewController.swift */ = {isa = PBXFileReference; lastKnownFileType = sourcecode.swift; path = RMCharacterViewController.swift; sourceTree = "<group>"; };
		860D917A2E817A28007B0445 /* RMLocationViewController.swift */ = {isa = PBXFileReference; lastKnownFileType = sourcecode.swift; path = RMLocationViewController.swift; sourceTree = "<group>"; };
		860D917C2E817A53007B0445 /* RMEpisodeViewController.swift */ = {isa = PBXFileReference; lastKnownFileType = sourcecode.swift; path = RMEpisodeViewController.swift; sourceTree = "<group>"; };
		860D917E2E817A70007B0445 /* RMSettingsViewController.swift */ = {isa = PBXFileReference; lastKnownFileType = sourcecode.swift; path = RMSettingsViewController.swift; sourceTree = "<group>"; };
		866D0BAF2E86B2FB000B476E /* RMService.swift */ = {isa = PBXFileReference; lastKnownFileType = sourcecode.swift; path = RMService.swift; sourceTree = "<group>"; };
		866D0BB12E86B32D000B476E /* RMRequest.swift */ = {isa = PBXFileReference; lastKnownFileType = sourcecode.swift; path = RMRequest.swift; sourceTree = "<group>"; };
		866D0BB32E86B806000B476E /* RMEndpoint.swift */ = {isa = PBXFileReference; lastKnownFileType = sourcecode.swift; path = RMEndpoint.swift; sourceTree = "<group>"; };
/* End PBXFileReference section */

/* Begin PBXFrameworksBuildPhase section */
		860D914C2E814661007B0445 /* Frameworks */ = {
			isa = PBXFrameworksBuildPhase;
			buildActionMask = 2147483647;
			files = (
			);
			runOnlyForDeploymentPostprocessing = 0;
		};
/* End PBXFrameworksBuildPhase section */

/* Begin PBXGroup section */
		860D91462E814661007B0445 = {
			isa = PBXGroup;
			children = (
				860D91512E814661007B0445 /* RickAndMorty */,
				860D91502E814661007B0445 /* Products */,
			);
			sourceTree = "<group>";
		};
		860D91502E814661007B0445 /* Products */ = {
			isa = PBXGroup;
			children = (
				860D914F2E814661007B0445 /* RickAndMorty.app */,
			);
			name = Products;
			sourceTree = "<group>";
		};
		860D91512E814661007B0445 /* RickAndMorty */ = {
			isa = PBXGroup;
			children = (
				860D916C2E81767D007B0445 /* Resources */,
				860D916B2E81766B007B0445 /* Managers */,
				860D916A2E817643007B0445 /* IPIClients */,
				860D91692E81762A007B0445 /* ViewModels */,
				860D91682E817618007B0445 /* Views */,
				860D91672E817607007B0445 /* Models */,
				860D91662E8175EF007B0445 /* Controllers */,
				860D91602E814662007B0445 /* Info.plist */,
			);
			path = RickAndMorty;
			sourceTree = "<group>";
		};
		860D91662E8175EF007B0445 /* Controllers */ = {
			isa = PBXGroup;
			children = (
				860D91772E8179B9007B0445 /* Core */,
			);
			path = Controllers;
			sourceTree = "<group>";
		};
		860D91672E817607007B0445 /* Models */ = {
			isa = PBXGroup;
			children = (
				860D916F2E817866007B0445 /* RMLocation.swift */,
				860D91712E817898007B0445 /* RMCharacter.swift */,
				860D91752E8178EE007B0445 /* RMEpisode.swift */,
			);
			path = Models;
			sourceTree = "<group>";
		};
		860D91682E817618007B0445 /* Views */ = {
			isa = PBXGroup;
			children = (
			);
			path = Views;
			sourceTree = "<group>";
		};
		860D91692E81762A007B0445 /* ViewModels */ = {
			isa = PBXGroup;
			children = (
			);
			path = ViewModels;
			sourceTree = "<group>";
		};
		860D916A2E817643007B0445 /* IPIClients */ = {
			isa = PBXGroup;
			children = (
				866D0BAF2E86B2FB000B476E /* RMService.swift */,
				866D0BB12E86B32D000B476E /* RMRequest.swift */,
				866D0BB32E86B806000B476E /* RMEndpoint.swift */,
			);
			path = IPIClients;
			sourceTree = "<group>";
		};
		860D916B2E81766B007B0445 /* Managers */ = {
			isa = PBXGroup;
			children = (
			);
			path = Managers;
			sourceTree = "<group>";
		};
		860D916C2E81767D007B0445 /* Resources */ = {
			isa = PBXGroup;
			children = (
				860D91522E814661007B0445 /* AppDelegate.swift */,
				860D915B2E814662007B0445 /* Assets.xcassets */,
				860D915D2E814662007B0445 /* LaunchScreen.storyboard */,
				860D91542E814661007B0445 /* SceneDelegate.swift */,
			);
			path = Resources;
			sourceTree = "<group>";
		};
		860D91772E8179B9007B0445 /* Core */ = {
			isa = PBXGroup;
			children = (
				860D91562E814661007B0445 /* RMTabBarController.swift */,
				860D91782E8179FC007B0445 /* RMCharacterViewController.swift */,
				860D917A2E817A28007B0445 /* RMLocationViewController.swift */,
				860D917C2E817A53007B0445 /* RMEpisodeViewController.swift */,
				860D917E2E817A70007B0445 /* RMSettingsViewController.swift */,
			);
			path = Core;
			sourceTree = "<group>";
		};
/* End PBXGroup section */

/* Begin PBXNativeTarget section */
		860D914E2E814661007B0445 /* RickAndMorty */ = {
			isa = PBXNativeTarget;
			buildConfigurationList = 860D91632E814662007B0445 /* Build configuration list for PBXNativeTarget "RickAndMorty" */;
			buildPhases = (
				860D914B2E814661007B0445 /* Sources */,
				860D914C2E814661007B0445 /* Frameworks */,
				860D914D2E814661007B0445 /* Resources */,
			);
			buildRules = (
			);
			dependencies = (
			);
			name = RickAndMorty;
			productName = RickAndMorty;
			productReference = 860D914F2E814661007B0445 /* RickAndMorty.app */;
			productType = "com.apple.product-type.application";
		};
/* End PBXNativeTarget section */

/* Begin PBXProject section */
		860D91472E814661007B0445 /* Project object */ = {
			isa = PBXProject;
			attributes = {
				BuildIndependentTargetsInParallel = 1;
				LastSwiftUpdateCheck = 1420;
				LastUpgradeCheck = 1420;
				TargetAttributes = {
					860D914E2E814661007B0445 = {
						CreatedOnToolsVersion = 14.2;
					};
				};
			};
			buildConfigurationList = 860D914A2E814661007B0445 /* Build configuration list for PBXProject "RickAndMorty" */;
			compatibilityVersion = "Xcode 14.0";
			developmentRegion = en;
			hasScannedForEncodings = 0;
			knownRegions = (
				en,
				Base,
			);
			mainGroup = 860D91462E814661007B0445;
			productRefGroup = 860D91502E814661007B0445 /* Products */;
			projectDirPath = "";
			projectRoot = "";
			targets = (
				860D914E2E814661007B0445 /* RickAndMorty */,
			);
		};
/* End PBXProject section */

/* Begin PBXResourcesBuildPhase section */
		860D914D2E814661007B0445 /* Resources */ = {
			isa = PBXResourcesBuildPhase;
			buildActionMask = 2147483647;
			files = (
				860D915F2E814662007B0445 /* LaunchScreen.storyboard in Resources */,
				860D915C2E814662007B0445 /* Assets.xcassets in Resources */,
			);
			runOnlyForDeploymentPostprocessing = 0;
		};
/* End PBXResourcesBuildPhase section */

/* Begin PBXSourcesBuildPhase section */
		860D914B2E814661007B0445 /* Sources */ = {
			isa = PBXSourcesBuildPhase;
			buildActionMask = 2147483647;
			files = (
				860D917B2E817A28007B0445 /* RMLocationViewController.swift in Sources */,
				860D91762E8178EE007B0445 /* RMEpisode.swift in Sources */,
				860D91572E814661007B0445 /* RMTabBarController.swift in Sources */,
				860D917D2E817A53007B0445 /* RMEpisodeViewController.swift in Sources */,
				860D91532E814661007B0445 /* AppDelegate.swift in Sources */,
				860D91552E814661007B0445 /* SceneDelegate.swift in Sources */,
				860D917F2E817A70007B0445 /* RMSettingsViewController.swift in Sources */,
				866D0BB02E86B2FB000B476E /* RMService.swift in Sources */,
				860D91702E817866007B0445 /* RMLocation.swift in Sources */,
				866D0BB42E86B806000B476E /* RMEndpoint.swift in Sources */,
				860D91722E817898007B0445 /* RMCharacter.swift in Sources */,
				866D0BB22E86B32D000B476E /* RMRequest.swift in Sources */,
				860D91792E8179FC007B0445 /* RMCharacterViewController.swift in Sources */,
			);
			runOnlyForDeploymentPostprocessing = 0;
		};
/* End PBXSourcesBuildPhase section */

/* Begin PBXVariantGroup section */
		860D915D2E814662007B0445 /* LaunchScreen.storyboard */ = {
			isa = PBXVariantGroup;
			children = (
				860D915E2E814662007B0445 /* Base */,
			);
			name = LaunchScreen.storyboard;
			sourceTree = "<group>";
		};
/* End PBXVariantGroup section */

/* Begin XCBuildConfiguration section */
		860D91612E814662007B0445 /* Debug */ = {
			isa = XCBuildConfiguration;
			buildSettings = {
				ALWAYS_SEARCH_USER_PATHS = NO;
				CLANG_ANALYZER_NONNULL = YES;
				CLANG_ANALYZER_NUMBER_OBJECT_CONVERSION = YES_AGGRESSIVE;
				CLANG_CXX_LANGUAGE_STANDARD = "gnu++20";
				CLANG_ENABLE_MODULES = YES;
				CLANG_ENABLE_OBJC_ARC = YES;
				CLANG_ENABLE_OBJC_WEAK = YES;
				CLANG_WARN_BLOCK_CAPTURE_AUTORELEASING = YES;
				CLANG_WARN_BOOL_CONVERSION = YES;
				CLANG_WARN_COMMA = YES;
				CLANG_WARN_CONSTANT_CONVERSION = YES;
				CLANG_WARN_DEPRECATED_OBJC_IMPLEMENTATIONS = YES;
				CLANG_WARN_DIRECT_OBJC_ISA_USAGE = YES_ERROR;
				CLANG_WARN_DOCUMENTATION_COMMENTS = YES;
				CLANG_WARN_EMPTY_BODY = YES;
				CLANG_WARN_ENUM_CONVERSION = YES;
				CLANG_WARN_INFINITE_RECURSION = YES;
				CLANG_WARN_INT_CONVERSION = YES;
				CLANG_WARN_NON_LITERAL_NULL_CONVERSION = YES;
				CLANG_WARN_OBJC_IMPLICIT_RETAIN_SELF = YES;
				CLANG_WARN_OBJC_LITERAL_CONVERSION = YES;
				CLANG_WARN_OBJC_ROOT_CLASS = YES_ERROR;
				CLANG_WARN_QUOTED_INCLUDE_IN_FRAMEWORK_HEADER = YES;
				CLANG_WARN_RANGE_LOOP_ANALYSIS = YES;
				CLANG_WARN_STRICT_PROTOTYPES = YES;
				CLANG_WARN_SUSPICIOUS_MOVE = YES;
				CLANG_WARN_UNGUARDED_AVAILABILITY = YES_AGGRESSIVE;
				CLANG_WARN_UNREACHABLE_CODE = YES;
				CLANG_WARN__DUPLICATE_METHOD_MATCH = YES;
				COPY_PHASE_STRIP = NO;
				DEBUG_INFORMATION_FORMAT = dwarf;
				ENABLE_STRICT_OBJC_MSGSEND = YES;
				ENABLE_TESTABILITY = YES;
				GCC_C_LANGUAGE_STANDARD = gnu11;
				GCC_DYNAMIC_NO_PIC = NO;
				GCC_NO_COMMON_BLOCKS = YES;
				GCC_OPTIMIZATION_LEVEL = 0;
				GCC_PREPROCESSOR_DEFINITIONS = (
					"DEBUG=1",
					"$(inherited)",
				);
				GCC_WARN_64_TO_32_BIT_CONVERSION = YES;
				GCC_WARN_ABOUT_RETURN_TYPE = YES_ERROR;
				GCC_WARN_UNDECLARED_SELECTOR = YES;
				GCC_WARN_UNINITIALIZED_AUTOS = YES_AGGRESSIVE;
				GCC_WARN_UNUSED_FUNCTION = YES;
				GCC_WARN_UNUSED_VARIABLE = YES;
				IPHONEOS_DEPLOYMENT_TARGET = 16.2;
				MTL_ENABLE_DEBUG_INFO = INCLUDE_SOURCE;
				MTL_FAST_MATH = YES;
				ONLY_ACTIVE_ARCH = YES;
				SDKROOT = iphoneos;
				SWIFT_ACTIVE_COMPILATION_CONDITIONS = DEBUG;
				SWIFT_OPTIMIZATION_LEVEL = "-Onone";
			};
			name = Debug;
		};
		860D91622E814662007B0445 /* Release */ = {
			isa = XCBuildConfiguration;
			buildSettings = {
				ALWAYS_SEARCH_USER_PATHS = NO;
				CLANG_ANALYZER_NONNULL = YES;
				CLANG_ANALYZER_NUMBER_OBJECT_CONVERSION = YES_AGGRESSIVE;
				CLANG_CXX_LANGUAGE_STANDARD = "gnu++20";
				CLANG_ENABLE_MODULES = YES;
				CLANG_ENABLE_OBJC_ARC = YES;
				CLANG_ENABLE_OBJC_WEAK = YES;
				CLANG_WARN_BLOCK_CAPTURE_AUTORELEASING = YES;
				CLANG_WARN_BOOL_CONVERSION = YES;
				CLANG_WARN_COMMA = YES;
				CLANG_WARN_CONSTANT_CONVERSION = YES;
				CLANG_WARN_DEPRECATED_OBJC_IMPLEMENTATIONS = YES;
				CLANG_WARN_DIRECT_OBJC_ISA_USAGE = YES_ERROR;
				CLANG_WARN_DOCUMENTATION_COMMENTS = YES;
				CLANG_WARN_EMPTY_BODY = YES;
				CLANG_WARN_ENUM_CONVERSION = YES;
				CLANG_WARN_INFINITE_RECURSION = YES;
				CLANG_WARN_INT_CONVERSION = YES;
				CLANG_WARN_NON_LITERAL_NULL_CONVERSION = YES;
				CLANG_WARN_OBJC_IMPLICIT_RETAIN_SELF = YES;
				CLANG_WARN_OBJC_LITERAL_CONVERSION = YES;
				CLANG_WARN_OBJC_ROOT_CLASS = YES_ERROR;
				CLANG_WARN_QUOTED_INCLUDE_IN_FRAMEWORK_HEADER = YES;
				CLANG_WARN_RANGE_LOOP_ANALYSIS = YES;
				CLANG_WARN_STRICT_PROTOTYPES = YES;
				CLANG_WARN_SUSPICIOUS_MOVE = YES;
				CLANG_WARN_UNGUARDED_AVAILABILITY = YES_AGGRESSIVE;
				CLANG_WARN_UNREACHABLE_CODE = YES;
				CLANG_WARN__DUPLICATE_METHOD_MATCH = YES;
				COPY_PHASE_STRIP = NO;
				DEBUG_INFORMATION_FORMAT = "dwarf-with-dsym";
				ENABLE_NS_ASSERTIONS = NO;
				ENABLE_STRICT_OBJC_MSGSEND = YES;
				GCC_C_LANGUAGE_STANDARD = gnu11;
				GCC_NO_COMMON_BLOCKS = YES;
				GCC_WARN_64_TO_32_BIT_CONVERSION = YES;
				GCC_WARN_ABOUT_RETURN_TYPE = YES_ERROR;
				GCC_WARN_UNDECLARED_SELECTOR = YES;
				GCC_WARN_UNINITIALIZED_AUTOS = YES_AGGRESSIVE;
				GCC_WARN_UNUSED_FUNCTION = YES;
				GCC_WARN_UNUSED_VARIABLE = YES;
				IPHONEOS_DEPLOYMENT_TARGET = 16.2;
				MTL_ENABLE_DEBUG_INFO = NO;
				MTL_FAST_MATH = YES;
				SDKROOT = iphoneos;
				SWIFT_COMPILATION_MODE = wholemodule;
				SWIFT_OPTIMIZATION_LEVEL = "-O";
				VALIDATE_PRODUCT = YES;
			};
			name = Release;
		};
		860D91642E814662007B0445 /* Debug */ = {
			isa = XCBuildConfiguration;
			buildSettings = {
				ASSETCATALOG_COMPILER_APPICON_NAME = AppIcon;
				ASSETCATALOG_COMPILER_GLOBAL_ACCENT_COLOR_NAME = AccentColor;
				CODE_SIGN_STYLE = Automatic;
				CURRENT_PROJECT_VERSION = 1;
				DEVELOPMENT_TEAM = HSCG52B97K;
				GENERATE_INFOPLIST_FILE = YES;
				INFOPLIST_FILE = RickAndMorty/Info.plist;
				INFOPLIST_KEY_UIApplicationSupportsIndirectInputEvents = YES;
				INFOPLIST_KEY_UILaunchStoryboardName = LaunchScreen;
				INFOPLIST_KEY_UISupportedInterfaceOrientations_iPad = "UIInterfaceOrientationPortrait UIInterfaceOrientationPortraitUpsideDown UIInterfaceOrientationLandscapeLeft UIInterfaceOrientationLandscapeRight";
				INFOPLIST_KEY_UISupportedInterfaceOrientations_iPhone = "UIInterfaceOrientationPortrait UIInterfaceOrientationLandscapeLeft UIInterfaceOrientationLandscapeRight";
				LD_RUNPATH_SEARCH_PATHS = (
					"$(inherited)",
					"@executable_path/Frameworks",
				);
				MARKETING_VERSION = 1.0;
				PRODUCT_BUNDLE_IDENTIFIER = Ivan.RickAndMorty;
				PRODUCT_NAME = "$(TARGET_NAME)";
				SWIFT_EMIT_LOC_STRINGS = YES;
				SWIFT_VERSION = 5.0;
				TARGETED_DEVICE_FAMILY = "1,2";
			};
			name = Debug;
		};
		860D91652E814662007B0445 /* Release */ = {
			isa = XCBuildConfiguration;
			buildSettings = {
				ASSETCATALOG_COMPILER_APPICON_NAME = AppIcon;
				ASSETCATALOG_COMPILER_GLOBAL_ACCENT_COLOR_NAME = AccentColor;
				CODE_SIGN_STYLE = Automatic;
				CURRENT_PROJECT_VERSION = 1;
				DEVELOPMENT_TEAM = HSCG52B97K;
				GENERATE_INFOPLIST_FILE = YES;
				INFOPLIST_FILE = RickAndMorty/Info.plist;
				INFOPLIST_KEY_UIApplicationSupportsIndirectInputEvents = YES;
				INFOPLIST_KEY_UILaunchStoryboardName = LaunchScreen;
				INFOPLIST_KEY_UISupportedInterfaceOrientations_iPad = "UIInterfaceOrientationPortrait UIInterfaceOrientationPortraitUpsideDown UIInterfaceOrientationLandscapeLeft UIInterfaceOrientationLandscapeRight";
				INFOPLIST_KEY_UISupportedInterfaceOrientations_iPhone = "UIInterfaceOrientationPortrait UIInterfaceOrientationLandscapeLeft UIInterfaceOrientationLandscapeRight";
				LD_RUNPATH_SEARCH_PATHS = (
					"$(inherited)",
					"@executable_path/Frameworks",
				);
				MARKETING_VERSION = 1.0;
				PRODUCT_BUNDLE_IDENTIFIER = Ivan.RickAndMorty;
				PRODUCT_NAME = "$(TARGET_NAME)";
				SWIFT_EMIT_LOC_STRINGS = YES;
				SWIFT_VERSION = 5.0;
				TARGETED_DEVICE_FAMILY = "1,2";
			};
			name = Release;
		};
/* End XCBuildConfiguration section */

/* Begin XCConfigurationList section */
		860D914A2E814661007B0445 /* Build configuration list for PBXProject "RickAndMorty" */ = {
			isa = XCConfigurationList;
			buildConfigurations = (
				860D91612E814662007B0445 /* Debug */,
				860D91622E814662007B0445 /* Release */,
			);
			defaultConfigurationIsVisible = 0;
			defaultConfigurationName = Release;
		};
		860D91632E814662007B0445 /* Build configuration list for PBXNativeTarget "RickAndMorty" */ = {
			isa = XCConfigurationList;
			buildConfigurations = (
				860D91642E814662007B0445 /* Debug */,
				860D91652E814662007B0445 /* Release */,
			);
			defaultConfigurationIsVisible = 0;
			defaultConfigurationName = Release;
		};
/* End XCConfigurationList section */
	};
	rootObject = 860D91472E814661007B0445 /* Project object */;
}
